
Microsoft Visual Studio Solution File, Format Version 12.00
# Visual Studio 14
VisualStudioVersion = 14.0.25123.0
MinimumVisualStudioVersion = 10.0.40219.1
Project("{FAE04EC0-301F-11D3-BF4B-00C04F79EFBC}") = "POC.MVC", "POC.MVC\POC.MVC.csproj", "{91056919-C1C0-4872-933B-393F6B656F95}"
EndProject
Project("{FAE04EC0-301F-11D3-BF4B-00C04F79EFBC}") = "POC.Aplicacao", "POC.Aplicacao\POC.Aplicacao.csproj", "{145748A1-BEA1-480D-B9D2-5978CEE17966}"
EndProject
Project("{FAE04EC0-301F-11D3-BF4B-00C04F79EFBC}") = "POC.Infra", "POC.Infra\POC.Infra.csproj", "{12525B02-C6BE-42A4-A256-8D6B02BD9E10}"
EndProject
Global
	GlobalSection(SolutionConfigurationPlatforms) = preSolution
		Debug|Any CPU = Debug|Any CPU
		Release|Any CPU = Release|Any CPU
	EndGlobalSection
	GlobalSection(ProjectConfigurationPlatforms) = postSolution
		{91056919-C1C0-4872-933B-393F6B656F95}.Debug|Any CPU.ActiveCfg = Debug|Any CPU
		{91056919-C1C0-4872-933B-393F6B656F95}.Debug|Any CPU.Build.0 = Debug|Any CPU
		{91056919-C1C0-4872-933B-393F6B656F95}.Release|Any CPU.ActiveCfg = Release|Any CPU
		{91056919-C1C0-4872-933B-393F6B656F95}.Release|Any CPU.Build.0 = Release|Any CPU
		{145748A1-BEA1-480D-B9D2-5978CEE17966}.Debug|Any CPU.ActiveCfg = Debug|Any CPU
		{145748A1-BEA1-480D-B9D2-5978CEE17966}.Debug|Any CPU.Build.0 = Debug|Any CPU
		{145748A1-BEA1-480D-B9D2-5978CEE17966}.Release|Any CPU.ActiveCfg = Release|Any CPU
		{145748A1-BEA1-480D-B9D2-5978CEE17966}.Release|Any CPU.Build.0 = Release|Any CPU
		{12525B02-C6BE-42A4-A256-8D6B02BD9E10}.Debug|Any CPU.ActiveCfg = Debug|Any CPU
		{12525B02-C6BE-42A4-A256-8D6B02BD9E10}.Debug|Any CPU.Build.0 = Debug|Any CPU
		{12525B02-C6BE-42A4-A256-8D6B02BD9E10}.Release|Any CPU.ActiveCfg = Release|Any CPU
		{12525B02-C6BE-42A4-A256-8D6B02BD9E10}.Release|Any CPU.Build.0 = Release|Any CPU
	EndGlobalSection
	GlobalSection(SolutionProperties) = preSolution
		HideSolutionNode = FALSE
	EndGlobalSection
EndGlobal
